
Microsoft Visual Studio Solution File, Format Version 12.00
# Visual Studio Version 17
VisualStudioVersion = 17.4.33205.214
MinimumVisualStudioVersion = 10.0.40219.1
Project("{9A19103F-16F7-4668-BE54-9A1E7A4F7556}") = "C2", "C2.csproj", "{8B64FD80-1F2A-400C-A87C-D8C08D34F0EA}"
EndProject
Global
	GlobalSection(SolutionConfigurationPlatforms) = preSolution
		Debug|Any CPU = Debug|Any CPU
		Release|Any CPU = Release|Any CPU
	EndGlobalSection
	GlobalSection(ProjectConfigurationPlatforms) = postSolution
		{8B64FD80-1F2A-400C-A87C-D8C08D34F0EA}.Debug|Any CPU.ActiveCfg = Debug|Any CPU
		{8B64FD80-1F2A-400C-A87C-D8C08D34F0EA}.Debug|Any CPU.Build.0 = Debug|Any CPU
		{8B64FD80-1F2A-400C-A87C-D8C08D34F0EA}.Release|Any CPU.ActiveCfg = Release|Any CPU
		{8B64FD80-1F2A-400C-A87C-D8C08D34F0EA}.Release|Any CPU.Build.0 = Release|Any CPU
	EndGlobalSection
	GlobalSection(SolutionProperties) = preSolution
		HideSolutionNode = FALSE
	EndGlobalSection
	GlobalSection(ExtensibilityGlobals) = postSolution
		SolutionGuid = {31A7DF27-3CCD-44C9-89EE-E55962F7B90B}
	EndGlobalSection
EndGlobal
